
Microsoft Visual Studio Solution File, Format Version 12.00
# Visual Studio Version 17
VisualStudioVersion = 17.1.32228.430
MinimumVisualStudioVersion = 10.0.40219.1
Project("{FAE04EC0-301F-11D3-BF4B-00C04F79EFBC}") = "RegularExpressionsExample", "RegularExpressionsExample\RegularExpressionsExample.csproj", "{D24B512D-3CBA-4A50-A9CC-3341CE51E9CD}"
EndProject
Global
	GlobalSection(SolutionConfigurationPlatforms) = preSolution
		Debug|Any CPU = Debug|Any CPU
		Release|Any CPU = Release|Any CPU
	EndGlobalSection
	GlobalSection(ProjectConfigurationPlatforms) = postSolution
		{D24B512D-3CBA-4A50-A9CC-3341CE51E9CD}.Debug|Any CPU.ActiveCfg = Debug|Any CPU
		{D24B512D-3CBA-4A50-A9CC-3341CE51E9CD}.Debug|Any CPU.Build.0 = Debug|Any CPU
		{D24B512D-3CBA-4A50-A9CC-3341CE51E9CD}.Release|Any CPU.ActiveCfg = Release|Any CPU
		{D24B512D-3CBA-4A50-A9CC-3341CE51E9CD}.Release|Any CPU.Build.0 = Release|Any CPU
	EndGlobalSection
	GlobalSection(SolutionProperties) = preSolution
		HideSolutionNode = FALSE
	EndGlobalSection
	GlobalSection(ExtensibilityGlobals) = postSolution
		SolutionGuid = {644CC15C-4FA5-4C84-BCBE-8218EC3B14E7}
	EndGlobalSection
EndGlobal
